// !$*UTF8*$!
{
	archiveVersion = 1;
	classes = {
	};
	objectVersion = 90;
	objects = {

/* Begin PBXBuildFile section */
		E77137182FC59AB500E178A9 /* Kingfisher in Frameworks */ = {isa = PBXBuildFile; productRef = E77137172FC59AB500E178A9 /* Kingfisher */; };
/* End PBXBuildFile section */

/* Begin PBXContainerItemProxy section */
		E771373B2FC5C26400E178A9 /* PBXContainerItemProxy */ = {
			isa = PBXContainerItemProxy;
			containerPortal = 077BB5812E5C1D0400289DEF /* Project object */;
			proxyType = 1;
			remoteGlobalIDString = 077BB5882E5C1D0400289DEF;
			remoteInfo = TeymiaCurrency;
		};
/* End PBXContainerItemProxy section */

/* Begin PBXFileReference section */
		077BB5892E5C1D0400289DEF /* TeymiaCurrency.app */ = {isa = PBXFileReference; explicitFileType = wrapper.application; includeInIndex = 0; path = TeymiaCurrency.app; sourceTree = BUILT_PRODUCTS_DIR; };
		E77137372FC5C26400E178A9 /* TeymiaCurrencyTests.xctest */ = {isa = PBXFileReference; explicitFileType = wrapper.cfbundle; includeInIndex = 0; path = TeymiaCurrencyTests.xctest; sourceTree = BUILT_PRODUCTS_DIR; };
/* End PBXFileReference section */

/* Begin PBXFileSystemSynchronizedBuildFileExceptionSet section */
		077BB59B2E5C1D0600289DEF /* Exceptions for "TeymiaCurrency" folder in "TeymiaCurrency" target */ = {
			isa = PBXFileSystemSynchronizedBuildFileExceptionSet;
			membershipExceptions = (
				Info.plist,
			);
			target = 077BB5882E5C1D0400289DEF /* TeymiaCurrency */;
		};
/* End PBXFileSystemSynchronizedBuildFileExceptionSet section */

/* Begin PBXFileSystemSynchronizedRootGroup section */
		077BB58B2E5C1D0400289DEF /* TeymiaCurrency */ = {
			isa = PBXFileSystemSynchronizedRootGroup;
			exceptions = (
				077BB59B2E5C1D0600289DEF /* Exceptions for "TeymiaCurrency" folder in "TeymiaCurrency" target */,
			);
			path = TeymiaCurrency;
			sourceTree = "<group>";
		};
		E77137382FC5C26400E178A9 /* TeymiaCurrencyTests */ = {
			isa = PBXFileSystemSynchronizedRootGroup;
			path = TeymiaCurrencyTests;
			sourceTree = "<group>";
		};
/* End PBXFileSystemSynchronizedRootGroup section */

/* Begin PBXFrameworksBuildPhase section */
		077BB5862E5C1D0400289DEF /* Frameworks */ = {
			isa = PBXFrameworksBuildPhase;
			files = (
				E77137182FC59AB500E178A9 /* Kingfisher in Frameworks */,
			);
		};
		E77137342FC5C26400E178A9 /* Frameworks */ = {
			isa = PBXFrameworksBuildPhase;
			files = (
			);
		};
/* End PBXFrameworksBuildPhase section */

/* Begin PBXGroup section */
		077BB5802E5C1D0400289DEF = {
			isa = PBXGroup;
			children = (
				077BB58B2E5C1D0400289DEF /* TeymiaCurrency */,
				E77137382FC5C26400E178A9 /* TeymiaCurrencyTests */,
				077BB58A2E5C1D0400289DEF /* Products */,
			);
			sourceTree = "<group>";
		};
		077BB58A2E5C1D0400289DEF /* Products */ = {
			isa = PBXGroup;
			children = (
				077BB5892E5C1D0400289DEF /* TeymiaCurrency.app */,
				E77137372FC5C26400E178A9 /* TeymiaCurrencyTests.xctest */,
			);
			name = Products;
			sourceTree = "<group>";
		};
/* End PBXGroup section */

/* Begin PBXNativeTarget section */
		077BB5882E5C1D0400289DEF /* TeymiaCurrency */ = {
			isa = PBXNativeTarget;
			buildConfigurationList = 077BB59C2E5C1D0600289DEF /* Build configuration list for PBXNativeTarget "TeymiaCurrency" */;
			buildPhases = (
				077BB5852E5C1D0400289DEF /* Sources */,
				077BB5862E5C1D0400289DEF /* Frameworks */,
				077BB5872E5C1D0400289DEF /* Resources */,
			);
			buildRules = (
			);
			fileSystemSynchronizedGroups = (
				077BB58B2E5C1D0400289DEF /* TeymiaCurrency */,
			);
			name = TeymiaCurrency;
			packageProductDependencies = (
				E77137172FC59AB500E178A9 /* Kingfisher */,
			);
			productName = TeymiaCurrency;
			productReference = 077BB5892E5C1D0400289DEF /* TeymiaCurrency.app */;
			productType = "com.apple.product-type.application";
		};
		E77137362FC5C26400E178A9 /* TeymiaCurrencyTests */ = {
			isa = PBXNativeTarget;
			buildConfigurationList = E771373D2FC5C26400E178A9 /* Build configuration list for PBXNativeTarget "TeymiaCurrencyTests" */;
			buildPhases = (
				E77137332FC5C26400E178A9 /* Sources */,
				E77137342FC5C26400E178A9 /* Frameworks */,
				E77137352FC5C26400E178A9 /* Resources */,
			);
			buildRules = (
			);
			dependencies = (
				E771373C2FC5C26400E178A9 /* PBXTargetDependency */,
			);
			fileSystemSynchronizedGroups = (
				E77137382FC5C26400E178A9 /* TeymiaCurrencyTests */,
			);
			name = TeymiaCurrencyTests;
			productName = TeymiaCurrencyTests;
			productReference = E77137372FC5C26400E178A9 /* TeymiaCurrencyTests.xctest */;
			productType = "com.apple.product-type.bundle.unit-test";
		};
/* End PBXNativeTarget section */

/* Begin PBXProject section */
		077BB5812E5C1D0400289DEF /* Project object */ = {
			isa = PBXProject;
			attributes = {
				BuildIndependentTargetsInParallel = 1;
				LastSwiftUpdateCheck = 2650;
				LastUpgradeCheck = 2610;
				TargetAttributes = {
					077BB5882E5C1D0400289DEF = {
						CreatedOnToolsVersion = 16.4;
					};
					E77137362FC5C26400E178A9 = {
						CreatedOnToolsVersion = 26.5;
						TestTargetID = 077BB5882E5C1D0400289DEF;
					};
				};
			};
			buildConfigurationList = 077BB5842E5C1D0400289DEF /* Build configuration list for PBXProject "TeymiaCurrency" */;
			developmentRegion = en;
			hasScannedForEncodings = 0;
			knownRegions = (
				en,
				Base,
				ru,
				es,
				fr,
				"zh-Hans",
				it,
				de,
				"pt-BR",
				ja,
				"zh-HK",
				"zh-Hant",
				ko,
				tr,
				hi,
			);
			mainGroup = 077BB5802E5C1D0400289DEF;
			minimizedProjectReferenceProxies = 1;
			packageReferences = (
				E77137162FC59AB500E178A9 /* XCRemoteSwiftPackageReference "Kingfisher" */,
			);
			preferredProjectObjectVersion = 90;
			productRefGroup = 077BB58A2E5C1D0400289DEF /* Products */;
			projectDirPath = "";
			projectRoot = "";
			targets = (
				077BB5882E5C1D0400289DEF /* TeymiaCurrency */,
				E77137362FC5C26400E178A9 /* TeymiaCurrencyTests */,
			);
		};
/* End PBXProject section */

/* Begin PBXResourcesBuildPhase section */
		077BB5872E5C1D0400289DEF /* Resources */ = {
			isa = PBXResourcesBuildPhase;
			files = (
			);
		};
		E77137352FC5C26400E178A9 /* Resources */ = {
			isa = PBXResourcesBuildPhase;
			files = (
			);
		};
/* End PBXResourcesBuildPhase section */

/* Begin PBXSourcesBuildPhase section */
		077BB5852E5C1D0400289DEF /* Sources */ = {
			isa = PBXSourcesBuildPhase;
			files = (
			);
		};
		E77137332FC5C26400E178A9 /* Sources */ = {
			isa = PBXSourcesBuildPhase;
			files = (
			);
		};
/* End PBXSourcesBuildPhase section */

/* Begin PBXTargetDependency section */
		E771373C2FC5C26400E178A9 /* PBXTargetDependency */ = {
			isa = PBXTargetDependency;
			target = 077BB5882E5C1D0400289DEF /* TeymiaCurrency */;
			targetProxy = E771373B2FC5C26400E178A9 /* PBXContainerItemProxy */;
		};
/* End PBXTargetDependency section */

/* Begin XCBuildConfiguration section */
		077BB59D2E5C1D0600289DEF /* Debug configuration for PBXNativeTarget "TeymiaCurrency" */ = {
			isa = XCBuildConfiguration;
			buildSettings = {
				ASSETCATALOG_COMPILER_ALTERNATE_APPICON_NAMES = "";
				ASSETCATALOG_COMPILER_APPICON_NAME = AppIcon;
				ASSETCATALOG_COMPILER_GLOBAL_ACCENT_COLOR_NAME = AccentColor;
				ASSETCATALOG_COMPILER_INCLUDE_ALL_APPICON_ASSETS = YES;
				ASSETCATALOG_COMPILER_INCLUDE_INFOPLIST_LOCALIZATIONS = NO;
				CODE_SIGN_STYLE = Automatic;
				CURRENT_PROJECT_VERSION = 1;
				DEVELOPMENT_TEAM = SXCBCPV7Y9;
				GENERATE_INFOPLIST_FILE = NO;
				INFOPLIST_FILE = TeymiaCurrency/Info.plist;
				INFOPLIST_KEY_CFBundleDisplayName = Currency;
				INFOPLIST_KEY_LSApplicationCategoryType = "public.app-category.travel";
				INFOPLIST_KEY_UIApplicationSupportsIndirectInputEvents = YES;
				INFOPLIST_KEY_UILaunchScreen_Generation = YES;
				INFOPLIST_KEY_UILaunchStoryboardName = LaunchScreen.storyboard;
				INFOPLIST_KEY_UIRequiredDeviceCapabilities = "";
				INFOPLIST_KEY_UIRequiresFullScreen = YES;
				INFOPLIST_KEY_UISupportedInterfaceOrientations = UIInterfaceOrientationPortrait;
				INFOPLIST_KEY_UISupportedInterfaceOrientations_iPad = "UIInterfaceOrientationPortrait UIInterfaceOrientationPortraitUpsideDown UIInterfaceOrientationLandscapeLeft UIInterfaceOrientationLandscapeRight";
				IPHONEOS_DEPLOYMENT_TARGET = 17;
				LD_RUNPATH_SEARCH_PATHS = (
					"$(inherited)",
					"@executable_path/Frameworks",
				);
				MARKETING_VERSION = 1.0.2;
				NEW_SETTING = "";
				PRODUCT_BUNDLE_IDENTIFIER = com.amanbayserkeev.TeymiaCurrency;
				PRODUCT_NAME = "$(TARGET_NAME)";
				SUPPORTED_PLATFORMS = "iphoneos iphonesimulator";
				SUPPORTS_MACCATALYST = NO;
				SUPPORTS_MAC_DESIGNED_FOR_IPHONE_IPAD = NO;
				SUPPORTS_XR_DESIGNED_FOR_IPHONE_IPAD = NO;
				SWIFT_EMIT_LOC_STRINGS = YES;
				SWIFT_VERSION = 5.0;
				TARGETED_DEVICE_FAMILY = 1;
			};
			name = Debug;
		};
		077BB59E2E5C1D0600289DEF /* Release configuration for PBXNativeTarget "TeymiaCurrency" */ = {
			isa = XCBuildConfiguration;
			buildSettings = {
				ASSETCATALOG_COMPILER_ALTERNATE_APPICON_NAMES = "";
				ASSETCATALOG_COMPILER_APPICON_NAME = AppIcon;
				ASSETCATALOG_COMPILER_GLOBAL_ACCENT_COLOR_NAME = AccentColor;
				ASSETCATALOG_COMPILER_INCLUDE_ALL_APPICON_ASSETS = YES;
				ASSETCATALOG_COMPILER_INCLUDE_INFOPLIST_LOCALIZATIONS = NO;
				CODE_SIGN_STYLE = Automatic;
				CURRENT_PROJECT_VERSION = 1;
				DEVELOPMENT_TEAM = SXCBCPV7Y9;
				GENERATE_INFOPLIST_FILE = NO;
				INFOPLIST_FILE = TeymiaCurrency/Info.plist;
				INFOPLIST_KEY_CFBundleDisplayName = Currency;
				INFOPLIST_KEY_LSApplicationCategoryType = "public.app-category.travel";
				INFOPLIST_KEY_UIApplicationSupportsIndirectInputEvents = YES;
				INFOPLIST_KEY_UILaunchScreen_Generation = YES;
				INFOPLIST_KEY_UILaunchStoryboardName = LaunchScreen.storyboard;
				INFOPLIST_KEY_UIRequiredDeviceCapabilities = "";
				INFOPLIST_KEY_UIRequiresFullScreen = YES;
				INFOPLIST_KEY_UISupportedInterfaceOrientations = UIInterfaceOrientationPortrait;
				INFOPLIST_KEY_UISupportedInterfaceOrientations_iPad = "UIInterfaceOrientationPortrait UIInterfaceOrientationPortraitUpsideDown UIInterfaceOrientationLandscapeLeft UIInterfaceOrientationLandscapeRight";
				IPHONEOS_DEPLOYMENT_TARGET = 17;
				LD_RUNPATH_SEARCH_PATHS = (
					"$(inherited)",
					"@executable_path/Frameworks",
				);
				MARKETING_VERSION = 1.0.2;
				NEW_SETTING = "";
				PRODUCT_BUNDLE_IDENTIFIER = com.amanbayserkeev.TeymiaCurrency;
				PRODUCT_NAME = "$(TARGET_NAME)";
				SUPPORTED_PLATFORMS = "iphoneos iphonesimulator";
				SUPPORTS_MACCATALYST = NO;
				SUPPORTS_MAC_DESIGNED_FOR_IPHONE_IPAD = NO;
				SUPPORTS_XR_DESIGNED_FOR_IPHONE_IPAD = NO;
				SWIFT_EMIT_LOC_STRINGS = YES;
				SWIFT_VERSION = 5.0;
				TARGETED_DEVICE_FAMILY = 1;
			};
			name = Release;
		};
		077BB59F2E5C1D0600289DEF /* Debug configuration for PBXProject "TeymiaCurrency" */ = {
			isa = XCBuildConfiguration;
			buildSettings = {
				ALWAYS_SEARCH_USER_PATHS = NO;
				ASSETCATALOG_COMPILER_APPICON_NAME = AppIcon;
				ASSETCATALOG_COMPILER_GENERATE_SWIFT_ASSET_SYMBOL_EXTENSIONS = YES;
				ASSETCATALOG_COMPILER_INCLUDE_ALL_APPICON_ASSETS = YES;
				CLANG_ANALYZER_LOCALIZABILITY_NONLOCALIZED = YES;
				CLANG_ANALYZER_NONNULL = YES;
				CLANG_ANALYZER_NUMBER_OBJECT_CONVERSION = YES_AGGRESSIVE;
				CLANG_CXX_LANGUAGE_STANDARD = "gnu++20";
				CLANG_ENABLE_MODULES = YES;
				CLANG_ENABLE_OBJC_ARC = YES;
				CLANG_ENABLE_OBJC_WEAK = YES;
				CLANG_WARN_BLOCK_CAPTURE_AUTORELEASING = YES;
				CLANG_WARN_BOOL_CONVERSION = YES;
				CLANG_WARN_COMMA = YES;
				CLANG_WARN_CONSTANT_CONVERSION = YES;
				CLANG_WARN_DEPRECATED_OBJC_IMPLEMENTATIONS = YES;
				CLANG_WARN_DIRECT_OBJC_ISA_USAGE = YES_ERROR;
				CLANG_WARN_DOCUMENTATION_COMMENTS = YES;
				CLANG_WARN_EMPTY_BODY = YES;
				CLANG_WARN_ENUM_CONVERSION = YES;
				CLANG_WARN_INFINITE_RECURSION = YES;
				CLANG_WARN_INT_CONVERSION = YES;
				CLANG_WARN_NON_LITERAL_NULL_CONVERSION = YES;
				CLANG_WARN_OBJC_IMPLICIT_RETAIN_SELF = YES;
				CLANG_WARN_OBJC_LITERAL_CONVERSION = YES;
				CLANG_WARN_OBJC_ROOT_CLASS = YES_ERROR;
				CLANG_WARN_QUOTED_INCLUDE_IN_FRAMEWORK_HEADER = YES;
				CLANG_WARN_RANGE_LOOP_ANALYSIS = YES;
				CLANG_WARN_STRICT_PROTOTYPES = YES;
				CLANG_WARN_SUSPICIOUS_MOVE = YES;
				CLANG_WARN_UNGUARDED_AVAILABILITY = YES_AGGRESSIVE;
				CLANG_WARN_UNREACHABLE_CODE = YES;
				CLANG_WARN__DUPLICATE_METHOD_MATCH = YES;
				COPY_PHASE_STRIP = NO;
				DEBUG_INFORMATION_FORMAT = dwarf;
				DEVELOPMENT_TEAM = SXCBCPV7Y9;
				ENABLE_STRICT_OBJC_MSGSEND = YES;
				ENABLE_TESTABILITY = YES;
				ENABLE_USER_SCRIPT_SANDBOXING = YES;
				GCC_C_LANGUAGE_STANDARD = gnu17;
				GCC_DYNAMIC_NO_PIC = NO;
				GCC_NO_COMMON_BLOCKS = YES;
				GCC_OPTIMIZATION_LEVEL = 0;
				GCC_PREPROCESSOR_DEFINITIONS = (
					"DEBUG=1",
					"$(inherited)",
				);
				GCC_WARN_64_TO_32_BIT_CONVERSION = YES;
				GCC_WARN_ABOUT_RETURN_TYPE = YES_ERROR;
				GCC_WARN_UNDECLARED_SELECTOR = YES;
				GCC_WARN_UNINITIALIZED_AUTOS = YES_AGGRESSIVE;
				GCC_WARN_UNUSED_FUNCTION = YES;
				GCC_WARN_UNUSED_VARIABLE = YES;
				IPHONEOS_DEPLOYMENT_TARGET = 16.6;
				LOCALIZATION_PREFERS_STRING_CATALOGS = YES;
				MTL_ENABLE_DEBUG_INFO = INCLUDE_SOURCE;
				MTL_FAST_MATH = YES;
				ONLY_ACTIVE_ARCH = YES;
				SDKROOT = iphoneos;
				STRING_CATALOG_GENERATE_SYMBOLS = YES;
				SWIFT_ACTIVE_COMPILATION_CONDITIONS = "DEBUG $(inherited)";
				SWIFT_EMIT_LOC_STRINGS = YES;
				SWIFT_OPTIMIZATION_LEVEL = "-Onone";
			};
			name = Debug;
		};
		077BB5A02E5C1D0600289DEF /* Release configuration for PBXProject "TeymiaCurrency" */ = {
			isa = XCBuildConfiguration;
			buildSettings = {
				ALWAYS_SEARCH_USER_PATHS = NO;
				ASSETCATALOG_COMPILER_APPICON_NAME = AppIcon;
				ASSETCATALOG_COMPILER_GENERATE_SWIFT_ASSET_SYMBOL_EXTENSIONS = YES;
				ASSETCATALOG_COMPILER_INCLUDE_ALL_APPICON_ASSETS = YES;
				CLANG_ANALYZER_LOCALIZABILITY_NONLOCALIZED = YES;
				CLANG_ANALYZER_NONNULL = YES;
				CLANG_ANALYZER_NUMBER_OBJECT_CONVERSION = YES_AGGRESSIVE;
				CLANG_CXX_LANGUAGE_STANDARD = "gnu++20";
				CLANG_ENABLE_MODULES = YES;
				CLANG_ENABLE_OBJC_ARC = YES;
				CLANG_ENABLE_OBJC_WEAK = YES;
				CLANG_WARN_BLOCK_CAPTURE_AUTORELEASING = YES;
				CLANG_WARN_BOOL_CONVERSION = YES;
				CLANG_WARN_COMMA = YES;
				CLANG_WARN_CONSTANT_CONVERSION = YES;
				CLANG_WARN_DEPRECATED_OBJC_IMPLEMENTATIONS = YES;
				CLANG_WARN_DIRECT_OBJC_ISA_USAGE = YES_ERROR;
				CLANG_WARN_DOCUMENTATION_COMMENTS = YES;
				CLANG_WARN_EMPTY_BODY = YES;
				CLANG_WARN_ENUM_CONVERSION = YES;
				CLANG_WARN_INFINITE_RECURSION = YES;
				CLANG_WARN_INT_CONVERSION = YES;
				CLANG_WARN_NON_LITERAL_NULL_CONVERSION = YES;
				CLANG_WARN_OBJC_IMPLICIT_RETAIN_SELF = YES;
				CLANG_WARN_OBJC_LITERAL_CONVERSION = YES;
				CLANG_WARN_OBJC_ROOT_CLASS = YES_ERROR;
				CLANG_WARN_QUOTED_INCLUDE_IN_FRAMEWORK_HEADER = YES;
				CLANG_WARN_RANGE_LOOP_ANALYSIS = YES;
				CLANG_WARN_STRICT_PROTOTYPES = YES;
				CLANG_WARN_SUSPICIOUS_MOVE = YES;
				CLANG_WARN_UNGUARDED_AVAILABILITY = YES_AGGRESSIVE;
				CLANG_WARN_UNREACHABLE_CODE = YES;
				CLANG_WARN__DUPLICATE_METHOD_MATCH = YES;
				COPY_PHASE_STRIP = NO;
				DEBUG_INFORMATION_FORMAT = "dwarf-with-dsym";
				DEVELOPMENT_TEAM = SXCBCPV7Y9;
				ENABLE_NS_ASSERTIONS = NO;
				ENABLE_STRICT_OBJC_MSGSEND = YES;
				ENABLE_USER_SCRIPT_SANDBOXING = YES;
				GCC_C_LANGUAGE_STANDARD = gnu17;
				GCC_NO_COMMON_BLOCKS = YES;
				GCC_WARN_64_TO_32_BIT_CONVERSION = YES;
				GCC_WARN_ABOUT_RETURN_TYPE = YES_ERROR;
				GCC_WARN_UNDECLARED_SELECTOR = YES;
				GCC_WARN_UNINITIALIZED_AUTOS = YES_AGGRESSIVE;
				GCC_WARN_UNUSED_FUNCTION = YES;
				GCC_WARN_UNUSED_VARIABLE = YES;
				IPHONEOS_DEPLOYMENT_TARGET = 16.6;
				LOCALIZATION_PREFERS_STRING_CATALOGS = YES;
				MTL_ENABLE_DEBUG_INFO = NO;
				MTL_FAST_MATH = YES;
				SDKROOT = iphoneos;
				STRING_CATALOG_GENERATE_SYMBOLS = YES;
				SWIFT_COMPILATION_MODE = wholemodule;
				SWIFT_EMIT_LOC_STRINGS = YES;
				VALIDATE_PRODUCT = YES;
			};
			name = Release;
		};
		E771373E2FC5C26400E178A9 /* Debug configuration for PBXNativeTarget "TeymiaCurrencyTests" */ = {
			isa = XCBuildConfiguration;
			buildSettings = {
				BUNDLE_LOADER = "$(TEST_HOST)";
				CODE_SIGN_STYLE = Automatic;
				CURRENT_PROJECT_VERSION = 1;
				DEVELOPMENT_TEAM = SXCBCPV7Y9;
				GENERATE_INFOPLIST_FILE = YES;
				IPHONEOS_DEPLOYMENT_TARGET = 17;
				MARKETING_VERSION = 1.0;
				PRODUCT_BUNDLE_IDENTIFIER = com.amanbayserkeev.TeymiaCurrencyTests;
				PRODUCT_NAME = "$(TARGET_NAME)";
				STRING_CATALOG_GENERATE_SYMBOLS = NO;
				SUPPORTED_PLATFORMS = "iphoneos iphonesimulator";
				SUPPORTS_MACCATALYST = NO;
				SUPPORTS_MAC_DESIGNED_FOR_IPHONE_IPAD = NO;
				SUPPORTS_XR_DESIGNED_FOR_IPHONE_IPAD = NO;
				SWIFT_APPROACHABLE_CONCURRENCY = YES;
				SWIFT_EMIT_LOC_STRINGS = NO;
				SWIFT_UPCOMING_FEATURE_MEMBER_IMPORT_VISIBILITY = YES;
				SWIFT_VERSION = 5.0;
				TARGETED_DEVICE_FAMILY = 1;
				TEST_HOST = "$(BUILT_PRODUCTS_DIR)/TeymiaCurrency.app/$(BUNDLE_EXECUTABLE_FOLDER_PATH)/TeymiaCurrency";
			};
			name = Debug;
		};
		E771373F2FC5C26400E178A9 /* Release configuration for PBXNativeTarget "TeymiaCurrencyTests" */ = {
			isa = XCBuildConfiguration;
			buildSettings = {
				BUNDLE_LOADER = "$(TEST_HOST)";
				CODE_SIGN_STYLE = Automatic;
				CURRENT_PROJECT_VERSION = 1;
				DEVELOPMENT_TEAM = SXCBCPV7Y9;
				GENERATE_INFOPLIST_FILE = YES;
				IPHONEOS_DEPLOYMENT_TARGET = 17;
				MARKETING_VERSION = 1.0;
				PRODUCT_BUNDLE_IDENTIFIER = com.amanbayserkeev.TeymiaCurrencyTests;
				PRODUCT_NAME = "$(TARGET_NAME)";
				STRING_CATALOG_GENERATE_SYMBOLS = NO;
				SUPPORTED_PLATFORMS = "iphoneos iphonesimulator";
				SUPPORTS_MACCATALYST = NO;
				SUPPORTS_MAC_DESIGNED_FOR_IPHONE_IPAD = NO;
				SUPPORTS_XR_DESIGNED_FOR_IPHONE_IPAD = NO;
				SWIFT_APPROACHABLE_CONCURRENCY = YES;
				SWIFT_EMIT_LOC_STRINGS = NO;
				SWIFT_UPCOMING_FEATURE_MEMBER_IMPORT_VISIBILITY = YES;
				SWIFT_VERSION = 5.0;
				TARGETED_DEVICE_FAMILY = 1;
				TEST_HOST = "$(BUILT_PRODUCTS_DIR)/TeymiaCurrency.app/$(BUNDLE_EXECUTABLE_FOLDER_PATH)/TeymiaCurrency";
			};
			name = Release;
		};
/* End XCBuildConfiguration section */

/* Begin XCConfigurationList section */
		077BB5842E5C1D0400289DEF /* Build configuration list for PBXProject "TeymiaCurrency" */ = {
			isa = XCConfigurationList;
			buildConfigurations = (
				077BB59F2E5C1D0600289DEF /* Debug configuration for PBXProject "TeymiaCurrency" */,
				077BB5A02E5C1D0600289DEF /* Release configuration for PBXProject "TeymiaCurrency" */,
			);
			defaultConfigurationName = Release;
		};
		077BB59C2E5C1D0600289DEF /* Build configuration list for PBXNativeTarget "TeymiaCurrency" */ = {
			isa = XCConfigurationList;
			buildConfigurations = (
				077BB59D2E5C1D0600289DEF /* Debug configuration for PBXNativeTarget "TeymiaCurrency" */,
				077BB59E2E5C1D0600289DEF /* Release configuration for PBXNativeTarget "TeymiaCurrency" */,
			);
			defaultConfigurationName = Release;
		};
		E771373D2FC5C26400E178A9 /* Build configuration list for PBXNativeTarget "TeymiaCurrencyTests" */ = {
			isa = XCConfigurationList;
			buildConfigurations = (
				E771373E2FC5C26400E178A9 /* Debug configuration for PBXNativeTarget "TeymiaCurrencyTests" */,
				E771373F2FC5C26400E178A9 /* Release configuration for PBXNativeTarget "TeymiaCurrencyTests" */,
			);
			defaultConfigurationName = Release;
		};
/* End XCConfigurationList section */

/* Begin XCRemoteSwiftPackageReference section */
		E77137162FC59AB500E178A9 /* XCRemoteSwiftPackageReference "Kingfisher" */ = {
			isa = XCRemoteSwiftPackageReference;
			repositoryURL = "https://github.com/onevcat/Kingfisher";
			requirement = {
				kind = upToNextMajorVersion;
				minimumVersion = 8.9.0;
			};
		};
/* End XCRemoteSwiftPackageReference section */

/* Begin XCSwiftPackageProductDependency section */
		E77137172FC59AB500E178A9 /* Kingfisher */ = {
			isa = XCSwiftPackageProductDependency;
			package = E77137162FC59AB500E178A9 /* XCRemoteSwiftPackageReference "Kingfisher" */;
			productName = Kingfisher;
		};
/* End XCSwiftPackageProductDependency section */
	};
	rootObject = 077BB5812E5C1D0400289DEF /* Project object */;
}
